
Microsoft Visual Studio Solution File, Format Version 12.00
# Visual Studio Version 17
VisualStudioVersion = 17.8.34525.116
MinimumVisualStudioVersion = 10.0.40219.1
Project("{9A19103F-16F7-4668-BE54-9A1E7A4F7556}") = "LinqCourse", "LinqCourse.csproj", "{F6EE9A55-56D8-432A-AD76-A0BFECDBD118}"
EndProject
Project("{FAE04EC0-301F-11D3-BF4B-00C04F79EFBC}") = "LinqExercise", "..\LinqExo\LinqExercise.csproj", "{27513D29-488B-4ED4-8B20-F0E8241CF769}"
EndProject
Global
	GlobalSection(SolutionConfigurationPlatforms) = preSolution
		Debug|Any CPU = Debug|Any CPU
		Release|Any CPU = Release|Any CPU
	EndGlobalSection
	GlobalSection(ProjectConfigurationPlatforms) = postSolution
		{F6EE9A55-56D8-432A-AD76-A0BFECDBD118}.Debug|Any CPU.ActiveCfg = Debug|Any CPU
		{F6EE9A55-56D8-432A-AD76-A0BFECDBD118}.Debug|Any CPU.Build.0 = Debug|Any CPU
		{F6EE9A55-56D8-432A-AD76-A0BFECDBD118}.Release|Any CPU.ActiveCfg = Release|Any CPU
		{F6EE9A55-56D8-432A-AD76-A0BFECDBD118}.Release|Any CPU.Build.0 = Release|Any CPU
		{27513D29-488B-4ED4-8B20-F0E8241CF769}.Debug|Any CPU.ActiveCfg = Debug|Any CPU
		{27513D29-488B-4ED4-8B20-F0E8241CF769}.Debug|Any CPU.Build.0 = Debug|Any CPU
		{27513D29-488B-4ED4-8B20-F0E8241CF769}.Release|Any CPU.ActiveCfg = Release|Any CPU
		{27513D29-488B-4ED4-8B20-F0E8241CF769}.Release|Any CPU.Build.0 = Release|Any CPU
	EndGlobalSection
	GlobalSection(SolutionProperties) = preSolution
		HideSolutionNode = FALSE
	EndGlobalSection
	GlobalSection(ExtensibilityGlobals) = postSolution
		SolutionGuid = {C01CFC1B-4A85-4D8A-A5DB-69846DF303B1}
	EndGlobalSection
EndGlobal
